
Microsoft Visual Studio Solution File, Format Version 12.00
# Visual Studio Version 17
VisualStudioVersion = 17.5.33530.505
MinimumVisualStudioVersion = 10.0.40219.1
Project("{FAE04EC0-301F-11D3-BF4B-00C04F79EFBC}") = "WebApplicationApiTest02", "WebApplicationApiTest02\WebApplicationApiTest02.csproj", "{DBA2A9AF-788B-4161-AFD2-6625E1383679}"
EndProject
Global
	GlobalSection(SolutionConfigurationPlatforms) = preSolution
		Debug|Any CPU = Debug|Any CPU
		Release|Any CPU = Release|Any CPU
	EndGlobalSection
	GlobalSection(ProjectConfigurationPlatforms) = postSolution
		{DBA2A9AF-788B-4161-AFD2-6625E1383679}.Debug|Any CPU.ActiveCfg = Debug|Any CPU
		{DBA2A9AF-788B-4161-AFD2-6625E1383679}.Debug|Any CPU.Build.0 = Debug|Any CPU
		{DBA2A9AF-788B-4161-AFD2-6625E1383679}.Release|Any CPU.ActiveCfg = Release|Any CPU
		{DBA2A9AF-788B-4161-AFD2-6625E1383679}.Release|Any CPU.Build.0 = Release|Any CPU
	EndGlobalSection
	GlobalSection(SolutionProperties) = preSolution
		HideSolutionNode = FALSE
	EndGlobalSection
	GlobalSection(ExtensibilityGlobals) = postSolution
		SolutionGuid = {D027CFB2-0EAC-46B5-A717-79D4F7771EE3}
	EndGlobalSection
EndGlobal
